version = 1
revision = 3
requires-python = ">=3.11"

[[package]]
name = "hamster"
version = "0.1.0"
source = { virtual = "." }
dependencies = [
    { name = "roboid" },
]

[package.metadata]
requires-dist = [{ name = "roboid", specifier = ">=1.7.10" }]

[[package]]
name = "pyserial"
version = "3.5"
source = { registry = "https://pypi.org/simple" }
sdist = { url = "https://files.pythonhosted.org/packages/1e/7d/ae3f0a63f41e4d2f6cb66a5b57197850f919f59e558159a4dd3a818f5082/pyserial-3.5.tar.gz", hash = "sha256:3c77e014170dfffbd816e6ffc205e9842efb10be9f58ec16d3e8675b4925cddb", size = 159125, upload-time = "2020-11-23T03:59:15.045Z" }
wheels = [
    { url = "https://files.pythonhosted.org/packages/07/bc/587a445451b253b285629263eb51c2d8e9bcea4fc97826266d186f96f558/pyserial-3.5-py2.py3-none-any.whl", hash = "sha256:c4451db6ba391ca6ca299fb3ec7bae67a5c55dde170964c7a14ceefec02f2cf0", size = 90585, upload-time = "2020-11-23T03:59:13.41Z" },
]

[[package]]
name = "roboid"
version = "1.7.10"
source = { registry = "https://pypi.org/simple" }
dependencies = [
    { name = "pyserial" },
]
sdist = { url = "https://files.pythonhosted.org/packages/7e/83/f5947595e233f3a757a953717ebafbeacdfb20dac1a88321fbe679a500b5/roboid-1.7.10.tar.gz", hash = "sha256:7670d246596a85f219a14488c4eb99b6d2a0a3b9771972ff3abf9f55e093b51c", size = 99803, upload-time = "2026-05-15T04:04:51.936Z" }
wheels = [
    { url = "https://files.pythonhosted.org/packages/13/7f/9f0a75484690d9e3098b7039e80018471654df13fe95fb321869b9f1c691/roboid-1.7.10-py3-none-any.whl", hash = "sha256:456d56b0f7a094d75530ccc72eb39158712222f49e4baf82e03c800ae377d17b", size = 115686, upload-time = "2026-05-15T04:04:50.805Z" },
]
